
Microsoft Visual Studio Solution File, Format Version 12.00
Project("{FAE04EC0-301F-11D3-BF4B-00C04F79EFBC}") = "StepCounterApp", "StepCounterApp\StepCounterApp.csproj", "{19E0D5E9-8BF6-4407-BA04-DE390F0919C0}"
EndProject
Global
	GlobalSection(SolutionConfigurationPlatforms) = preSolution
		Debug|Any CPU = Debug|Any CPU
		Release|Any CPU = Release|Any CPU
	EndGlobalSection
	GlobalSection(ProjectConfigurationPlatforms) = postSolution
		{19E0D5E9-8BF6-4407-BA04-DE390F0919C0}.Debug|Any CPU.ActiveCfg = Debug|Any CPU
		{19E0D5E9-8BF6-4407-BA04-DE390F0919C0}.Debug|Any CPU.Build.0 = Debug|Any CPU
		{19E0D5E9-8BF6-4407-BA04-DE390F0919C0}.Release|Any CPU.ActiveCfg = Release|Any CPU
		{19E0D5E9-8BF6-4407-BA04-DE390F0919C0}.Release|Any CPU.Build.0 = Release|Any CPU
	EndGlobalSection
EndGlobal
